# This file is automatically @generated by Cargo.
# It is not intended for manual editing.
version = 4

[[package]]
name = "arrayvec"
version = "0.7.6"
source = "registry+https://github.com/rust-lang/crates.io-index"
checksum = "7c02d123df017efcdfbd739ef81735b36c5ba83ec3c59c80a9d7ecc718f92e50"

[[package]]
name = "fixedstr"
version = "0.5.10"
source = "registry+https://github.com/rust-lang/crates.io-index"
checksum = "75a7e79cc11f1195d9e07bd11509e1d75b51e1f48ddff52f54a25815b4abbde3"

[[package]]
name = "planetarylander"
version = "0.1.0"
dependencies = [
 "arrayvec",
 "fixedstr",
]
